{
  "name": "audio",
  "lockfileVersion": 2,
  "requires": true,
  "packages": {
    "": {
      "dependencies": {
        "wavesurfer.js": "^7.6.0"
      }
    },
    "node_modules/wavesurfer.js": {
      "version": "7.6.0",
      "resolved": "https://registry.npmmirror.com/wavesurfer.js/-/wavesurfer.js-7.6.0.tgz",
      "integrity": "sha512-fRGgzdr7QfWuiELWHuaoiXO3WXhBTejBSX6ca41onLmbvEexFWbNRX89aeHDLF+72Gcd5NLqFjxt/0Pc808JBQ=="
    }
  },
  "dependencies": {
    "wavesurfer.js": {
      "version": "7.6.0",
      "resolved": "https://registry.npmmirror.com/wavesurfer.js/-/wavesurfer.js-7.6.0.tgz",
      "integrity": "sha512-fRGgzdr7QfWuiELWHuaoiXO3WXhBTejBSX6ca41onLmbvEexFWbNRX89aeHDLF+72Gcd5NLqFjxt/0Pc808JBQ=="
    }
  }
}
